{
  "projects": [
    {
      "projectId": "ph1WL4Cxb3ZK7yQC6LjnPo",
      "version": "latest",
      "dependencies": {},
      "lang": "ts",
      "fileLocks": [
        {
          "type": "globalVariant",
          "assetId": "nPMUvUI2sXIh6",
          "checksum": "8bd5b9a6486f3a20390b5030d7eabcca"
        },
        {
          "type": "renderModule",
          "assetId": "LMEvGs6IPZqW",
          "checksum": "648971d26fe8b718954a549c21d0933f"
        },
        {
          "type": "cssRules",
          "assetId": "LMEvGs6IPZqW",
          "checksum": "648971d26fe8b718954a549c21d0933f"
        },
        {
          "type": "icon",
          "assetId": "QWKGSm8cyW",
          "checksum": "d2a1db318cb55273aaa3cb7305049842"
        },
        {
          "type": "icon",
          "assetId": "OKnpKfxY5Ul",
          "checksum": "a2a56bcaef12f49b9f75dd4a169cbb65"
        },
        {
          "type": "icon",
          "assetId": "-K789bKfxu9",
          "checksum": "5b64bd2bf5ef9afb617d33d0f606d36c"
        },
        {
          "type": "icon",
          "assetId": "X8WUlOXEdpi",
          "checksum": "b107233170c3297efd559f3318c9f218"
        },
        {
          "type": "icon",
          "assetId": "3xxbWDycExW",
          "checksum": "14b47bcc4793e2e16b99dcf65fe7e451"
        },
        {
          "type": "icon",
          "assetId": "02Ckg7B088-",
          "checksum": "9c99681c11a6c1620f803cf58ca56731"
        },
        {
          "type": "icon",
          "assetId": "6_7lSjxi83h",
          "checksum": "658ad0762de15d158ad88909dfc42cff"
        },
        {
          "type": "icon",
          "assetId": "VYfKL0Faz2r",
          "checksum": "cfa35dfbb5f1ae6a64077137140e8788"
        },
        {
          "type": "image",
          "assetId": "EThtubeXCmE",
          "checksum": "9b8cbd9ad8b9f8fa74a0ff33b25bbd9e"
        },
        {
          "type": "icon",
          "assetId": "59951HaWC",
          "checksum": "888b1905055d6c96767fef91fe36633d"
        },
        {
          "type": "renderModule",
          "assetId": "lao2224rYIi",
          "checksum": "717c8354e6f840ac68bb6dc9ba8b1253"
        },
        {
          "type": "cssRules",
          "assetId": "lao2224rYIi",
          "checksum": "717c8354e6f840ac68bb6dc9ba8b1253"
        },
        {
          "type": "renderModule",
          "assetId": "P_BN2FI77x",
          "checksum": "508f350a33dfaf8f42e9f8af8ac184c2"
        },
        {
          "type": "cssRules",
          "assetId": "P_BN2FI77x",
          "checksum": "508f350a33dfaf8f42e9f8af8ac184c2"
        },
        {
          "type": "renderModule",
          "assetId": "hiwxbifKaa",
          "checksum": "ec2a056ef7bded98cdc0aa6b42d54bdd"
        },
        {
          "type": "cssRules",
          "assetId": "hiwxbifKaa",
          "checksum": "ec2a056ef7bded98cdc0aa6b42d54bdd"
        },
        {
          "type": "renderModule",
          "assetId": "EDVx4DP3jG",
          "checksum": "e0050ae98c6f64a9629632bf07ad0c86"
        },
        {
          "type": "cssRules",
          "assetId": "EDVx4DP3jG",
          "checksum": "e0050ae98c6f64a9629632bf07ad0c86"
        },
        {
          "assetId": "ph1WL4Cxb3ZK7yQC6LjnPo",
          "type": "projectCss",
          "checksum": "0b392bf390a7c264ff6fd20ea52e482c"
        }
      ],
      "codegenVersion": "0.0.1"
    }
  ],
  "cliVersion": "0.1.186"
}
